// !$*UTF8*$!
{
	archiveVersion = 1;
	classes = {
	};
	objectVersion = 46;
	objects = {

/* Begin PBXBuildFile section */
		8FD18F2817FE075A00CCE40C /* Foundation.framework in Frameworks */ = {isa = PBXBuildFile; fileRef = 8FD18F2717FE075A00CCE40C /* Foundation.framework */; };
		8FD18F2A17FE075A00CCE40C /* CoreGraphics.framework in Frameworks */ = {isa = PBXBuildFile; fileRef = 8FD18F2917FE075A00CCE40C /* CoreGraphics.framework */; };
		8FD18F2C17FE075A00CCE40C /* UIKit.framework in Frameworks */ = {isa = PBXBuildFile; fileRef = 8FD18F2B17FE075A00CCE40C /* UIKit.framework */; };
		8FD18F3217FE075A00CCE40C /* InfoPlist.strings in Resources */ = {isa = PBXBuildFile; fileRef = 8FD18F3017FE075A00CCE40C /* InfoPlist.strings */; };
		8FD18F3417FE075A00CCE40C /* main.m in Sources */ = {isa = PBXBuildFile; fileRef = 8FD18F3317FE075A00CCE40C /* main.m */; };
		8FD18F3817FE075A00CCE40C /* MMAppDelegate.m in Sources */ = {isa = PBXBuildFile; fileRef = 8FD18F3717FE075A00CCE40C /* MMAppDelegate.m */; };
		8FD18F3B17FE075A00CCE40C /* Main.storyboard in Resources */ = {isa = PBXBuildFile; fileRef = 8FD18F3917FE075A00CCE40C /* Main.storyboard */; };
		8FD18F3E17FE075A00CCE40C /* MMViewController.m in Sources */ = {isa = PBXBuildFile; fileRef = 8FD18F3D17FE075A00CCE40C /* MMViewController.m */; };
		8FD18F4017FE075A00CCE40C /* Images.xcassets in Resources */ = {isa = PBXBuildFile; fileRef = 8FD18F3F17FE075A00CCE40C /* Images.xcassets */; };
		8FD18F4717FE075A00CCE40C /* XCTest.framework in Frameworks */ = {isa = PBXBuildFile; fileRef = 8FD18F4617FE075A00CCE40C /* XCTest.framework */; };
		8FD18F4817FE075A00CCE40C /* Foundation.framework in Frameworks */ = {isa = PBXBuildFile; fileRef = 8FD18F2717FE075A00CCE40C /* Foundation.framework */; };
		8FD18F4917FE075A00CCE40C /* UIKit.framework in Frameworks */ = {isa = PBXBuildFile; fileRef = 8FD18F2B17FE075A00CCE40C /* UIKit.framework */; };
		8FD18F5117FE075A00CCE40C /* InfoPlist.strings in Resources */ = {isa = PBXBuildFile; fileRef = 8FD18F4F17FE075A00CCE40C /* InfoPlist.strings */; };
		8FD18F5317FE075A00CCE40C /* WikipediaTests.m in Sources */ = {isa = PBXBuildFile; fileRef = 8FD18F5217FE075A00CCE40C /* WikipediaTests.m */; };
		C9C92D6C17FE633700D4A074 /* MMSnippetViewController.m in Sources */ = {isa = PBXBuildFile; fileRef = C9C92D6B17FE633700D4A074 /* MMSnippetViewController.m */; };
/* End PBXBuildFile section */

/* Begin PBXContainerItemProxy section */
		8FD18F4A17FE075A00CCE40C /* PBXContainerItemProxy */ = {
			isa = PBXContainerItemProxy;
			containerPortal = 8FD18F1C17FE075A00CCE40C /* Project object */;
			proxyType = 1;
			remoteGlobalIDString = 8FD18F2317FE075A00CCE40C;
			remoteInfo = Wikipedia;
		};
/* End PBXContainerItemProxy section */

/* Begin PBXFileReference section */
		8FD18F2417FE075A00CCE40C /* Wikipedia.app */ = {isa = PBXFileReference; explicitFileType = wrapper.application; includeInIndex = 0; path = Wikipedia.app; sourceTree = BUILT_PRODUCTS_DIR; };
		8FD18F2717FE075A00CCE40C /* Foundation.framework */ = {isa = PBXFileReference; lastKnownFileType = wrapper.framework; name = Foundation.framework; path = System/Library/Frameworks/Foundation.framework; sourceTree = SDKROOT; };
		8FD18F2917FE075A00CCE40C /* CoreGraphics.framework */ = {isa = PBXFileReference; lastKnownFileType = wrapper.framework; name = CoreGraphics.framework; path = System/Library/Frameworks/CoreGraphics.framework; sourceTree = SDKROOT; };
		8FD18F2B17FE075A00CCE40C /* UIKit.framework */ = {isa = PBXFileReference; lastKnownFileType = wrapper.framework; name = UIKit.framework; path = System/Library/Frameworks/UIKit.framework; sourceTree = SDKROOT; };
		8FD18F2F17FE075A00CCE40C /* Wikipedia-Info.plist */ = {isa = PBXFileReference; lastKnownFileType = text.plist.xml; path = "Wikipedia-Info.plist"; sourceTree = "<group>"; };
		8FD18F3117FE075A00CCE40C /* en */ = {isa = PBXFileReference; lastKnownFileType = text.plist.strings; name = en; path = en.lproj/InfoPlist.strings; sourceTree = "<group>"; };
		8FD18F3317FE075A00CCE40C /* main.m */ = {isa = PBXFileReference; lastKnownFileType = sourcecode.c.objc; path = main.m; sourceTree = "<group>"; };
		8FD18F3517FE075A00CCE40C /* Wikipedia-Prefix.pch */ = {isa = PBXFileReference; lastKnownFileType = sourcecode.c.h; path = "Wikipedia-Prefix.pch"; sourceTree = "<group>"; };
		8FD18F3617FE075A00CCE40C /* MMAppDelegate.h */ = {isa = PBXFileReference; lastKnownFileType = sourcecode.c.h; path = MMAppDelegate.h; sourceTree = "<group>"; };
		8FD18F3717FE075A00CCE40C /* MMAppDelegate.m */ = {isa = PBXFileReference; lastKnownFileType = sourcecode.c.objc; path = MMAppDelegate.m; sourceTree = "<group>"; };
		8FD18F3A17FE075A00CCE40C /* Base */ = {isa = PBXFileReference; lastKnownFileType = file.storyboard; name = Base; path = Base.lproj/Main.storyboard; sourceTree = "<group>"; };
		8FD18F3C17FE075A00CCE40C /* MMViewController.h */ = {isa = PBXFileReference; lastKnownFileType = sourcecode.c.h; path = MMViewController.h; sourceTree = "<group>"; };
		8FD18F3D17FE075A00CCE40C /* MMViewController.m */ = {isa = PBXFileReference; lastKnownFileType = sourcecode.c.objc; path = MMViewController.m; sourceTree = "<group>"; };
		8FD18F3F17FE075A00CCE40C /* Images.xcassets */ = {isa = PBXFileReference; lastKnownFileType = folder.assetcatalog; path = Images.xcassets; sourceTree = "<group>"; };
		8FD18F4517FE075A00CCE40C /* WikipediaTests.xctest */ = {isa = PBXFileReference; explicitFileType = wrapper.cfbundle; includeInIndex = 0; path = WikipediaTests.xctest; sourceTree = BUILT_PRODUCTS_DIR; };
		8FD18F4617FE075A00CCE40C /* XCTest.framework */ = {isa = PBXFileReference; lastKnownFileType = wrapper.framework; name = XCTest.framework; path = Library/Frameworks/XCTest.framework; sourceTree = DEVELOPER_DIR; };
		8FD18F4E17FE075A00CCE40C /* WikipediaTests-Info.plist */ = {isa = PBXFileReference; lastKnownFileType = text.plist.xml; path = "WikipediaTests-Info.plist"; sourceTree = "<group>"; };
		8FD18F5017FE075A00CCE40C /* en */ = {isa = PBXFileReference; lastKnownFileType = text.plist.strings; name = en; path = en.lproj/InfoPlist.strings; sourceTree = "<group>"; };
		8FD18F5217FE075A00CCE40C /* WikipediaTests.m */ = {isa = PBXFileReference; lastKnownFileType = sourcecode.c.objc; path = WikipediaTests.m; sourceTree = "<group>"; };
		C9C92D6A17FE633700D4A074 /* MMSnippetViewController.h */ = {isa = PBXFileReference; fileEncoding = 4; lastKnownFileType = sourcecode.c.h; path = MMSnippetViewController.h; sourceTree = "<group>"; };
		C9C92D6B17FE633700D4A074 /* MMSnippetViewController.m */ = {isa = PBXFileReference; fileEncoding = 4; lastKnownFileType = sourcecode.c.objc; path = MMSnippetViewController.m; sourceTree = "<group>"; };
/* End PBXFileReference section */

/* Begin PBXFrameworksBuildPhase section */
		8FD18F2117FE075A00CCE40C /* Frameworks */ = {
			isa = PBXFrameworksBuildPhase;
			buildActionMask = 2147483647;
			files = (
				8FD18F2A17FE075A00CCE40C /* CoreGraphics.framework in Frameworks */,
				8FD18F2C17FE075A00CCE40C /* UIKit.framework in Frameworks */,
				8FD18F2817FE075A00CCE40C /* Foundation.framework in Frameworks */,
			);
			runOnlyForDeploymentPostprocessing = 0;
		};
		8FD18F4217FE075A00CCE40C /* Frameworks */ = {
			isa = PBXFrameworksBuildPhase;
			buildActionMask = 2147483647;
			files = (
				8FD18F4717FE075A00CCE40C /* XCTest.framework in Frameworks */,
				8FD18F4917FE075A00CCE40C /* UIKit.framework in Frameworks */,
				8FD18F4817FE075A00CCE40C /* Foundation.framework in Frameworks */,
			);
			runOnlyForDeploymentPostprocessing = 0;
		};
/* End PBXFrameworksBuildPhase section */

/* Begin PBXGroup section */
		8FD18F1B17FE075A00CCE40C = {
			isa = PBXGroup;
			children = (
				8FD18F2D17FE075A00CCE40C /* Wikipedia */,
				8FD18F4C17FE075A00CCE40C /* WikipediaTests */,
				8FD18F2617FE075A00CCE40C /* Frameworks */,
				8FD18F2517FE075A00CCE40C /* Products */,
			);
			sourceTree = "<group>";
		};
		8FD18F2517FE075A00CCE40C /* Products */ = {
			isa = PBXGroup;
			children = (
				8FD18F2417FE075A00CCE40C /* Wikipedia.app */,
				8FD18F4517FE075A00CCE40C /* WikipediaTests.xctest */,
			);
			name = Products;
			sourceTree = "<group>";
		};
		8FD18F2617FE075A00CCE40C /* Frameworks */ = {
			isa = PBXGroup;
			children = (
				8FD18F2717FE075A00CCE40C /* Foundation.framework */,
				8FD18F2917FE075A00CCE40C /* CoreGraphics.framework */,
				8FD18F2B17FE075A00CCE40C /* UIKit.framework */,
				8FD18F4617FE075A00CCE40C /* XCTest.framework */,
			);
			name = Frameworks;
			sourceTree = "<group>";
		};
		8FD18F2D17FE075A00CCE40C /* Wikipedia */ = {
			isa = PBXGroup;
			children = (
				8FD18F3617FE075A00CCE40C /* MMAppDelegate.h */,
				8FD18F3717FE075A00CCE40C /* MMAppDelegate.m */,
				8FD18F3917FE075A00CCE40C /* Main.storyboard */,
				C9C92D6A17FE633700D4A074 /* MMSnippetViewController.h */,
				C9C92D6B17FE633700D4A074 /* MMSnippetViewController.m */,
				8FD18F3C17FE075A00CCE40C /* MMViewController.h */,
				8FD18F3D17FE075A00CCE40C /* MMViewController.m */,
				8FD18F3F17FE075A00CCE40C /* Images.xcassets */,
				8FD18F2E17FE075A00CCE40C /* Supporting Files */,
			);
			path = Wikipedia;
			sourceTree = "<group>";
		};
		8FD18F2E17FE075A00CCE40C /* Supporting Files */ = {
			isa = PBXGroup;
			children = (
				8FD18F2F17FE075A00CCE40C /* Wikipedia-Info.plist */,
				8FD18F3017FE075A00CCE40C /* InfoPlist.strings */,
				8FD18F3317FE075A00CCE40C /* main.m */,
				8FD18F3517FE075A00CCE40C /* Wikipedia-Prefix.pch */,
			);
			name = "Supporting Files";
			sourceTree = "<group>";
		};
		8FD18F4C17FE075A00CCE40C /* WikipediaTests */ = {
			isa = PBXGroup;
			children = (
				8FD18F5217FE075A00CCE40C /* WikipediaTests.m */,
				8FD18F4D17FE075A00CCE40C /* Supporting Files */,
			);
			path = WikipediaTests;
			sourceTree = "<group>";
		};
		8FD18F4D17FE075A00CCE40C /* Supporting Files */ = {
			isa = PBXGroup;
			children = (
				8FD18F4E17FE075A00CCE40C /* WikipediaTests-Info.plist */,
				8FD18F4F17FE075A00CCE40C /* InfoPlist.strings */,
			);
			name = "Supporting Files";
			sourceTree = "<group>";
		};
/* End PBXGroup section */

/* Begin PBXNativeTarget section */
		8FD18F2317FE075A00CCE40C /* Wikipedia */ = {
			isa = PBXNativeTarget;
			buildConfigurationList = 8FD18F5617FE075A00CCE40C /* Build configuration list for PBXNativeTarget "Wikipedia" */;
			buildPhases = (
				8FD18F2017FE075A00CCE40C /* Sources */,
				8FD18F2117FE075A00CCE40C /* Frameworks */,
				8FD18F2217FE075A00CCE40C /* Resources */,
			);
			buildRules = (
			);
			dependencies = (
			);
			name = Wikipedia;
			productName = Wikipedia;
			productReference = 8FD18F2417FE075A00CCE40C /* Wikipedia.app */;
			productType = "com.apple.product-type.application";
		};
		8FD18F4417FE075A00CCE40C /* WikipediaTests */ = {
			isa = PBXNativeTarget;
			buildConfigurationList = 8FD18F5917FE075A00CCE40C /* Build configuration list for PBXNativeTarget "WikipediaTests" */;
			buildPhases = (
				8FD18F4117FE075A00CCE40C /* Sources */,
				8FD18F4217FE075A00CCE40C /* Frameworks */,
				8FD18F4317FE075A00CCE40C /* Resources */,
			);
			buildRules = (
			);
			dependencies = (
				8FD18F4B17FE075A00CCE40C /* PBXTargetDependency */,
			);
			name = WikipediaTests;
			productName = WikipediaTests;
			productReference = 8FD18F4517FE075A00CCE40C /* WikipediaTests.xctest */;
			productType = "com.apple.product-type.bundle.unit-test";
		};
/* End PBXNativeTarget section */

/* Begin PBXProject section */
		8FD18F1C17FE075A00CCE40C /* Project object */ = {
			isa = PBXProject;
			attributes = {
				CLASSPREFIX = MM;
				LastUpgradeCheck = 0500;
				ORGANIZATIONNAME = "Hammad Ahmed";
				TargetAttributes = {
					8FD18F4417FE075A00CCE40C = {
						TestTargetID = 8FD18F2317FE075A00CCE40C;
					};
				};
			};
			buildConfigurationList = 8FD18F1F17FE075A00CCE40C /* Build configuration list for PBXProject "Wikipedia" */;
			compatibilityVersion = "Xcode 3.2";
			developmentRegion = English;
			hasScannedForEncodings = 0;
			knownRegions = (
				en,
				Base,
			);
			mainGroup = 8FD18F1B17FE075A00CCE40C;
			productRefGroup = 8FD18F2517FE075A00CCE40C /* Products */;
			projectDirPath = "";
			projectRoot = "";
			targets = (
				8FD18F2317FE075A00CCE40C /* Wikipedia */,
				8FD18F4417FE075A00CCE40C /* WikipediaTests */,
			);
		};
/* End PBXProject section */

/* Begin PBXResourcesBuildPhase section */
		8FD18F2217FE075A00CCE40C /* Resources */ = {
			isa = PBXResourcesBuildPhase;
			buildActionMask = 2147483647;
			files = (
				8FD18F4017FE075A00CCE40C /* Images.xcassets in Resources */,
				8FD18F3217FE075A00CCE40C /* InfoPlist.strings in Resources */,
				8FD18F3B17FE075A00CCE40C /* Main.storyboard in Resources */,
			);
			runOnlyForDeploymentPostprocessing = 0;
		};
		8FD18F4317FE075A00CCE40C /* Resources */ = {
			isa = PBXResourcesBuildPhase;
			buildActionMask = 2147483647;
			files = (
				8FD18F5117FE075A00CCE40C /* InfoPlist.strings in Resources */,
			);
			runOnlyForDeploymentPostprocessing = 0;
		};
/* End PBXResourcesBuildPhase section */

/* Begin PBXSourcesBuildPhase section */
		8FD18F2017FE075A00CCE40C /* Sources */ = {
			isa = PBXSourcesBuildPhase;
			buildActionMask = 2147483647;
			files = (
				C9C92D6C17FE633700D4A074 /* MMSnippetViewController.m in Sources */,
				8FD18F3817FE075A00CCE40C /* MMAppDelegate.m in Sources */,
				8FD18F3E17FE075A00CCE40C /* MMViewController.m in Sources */,
				8FD18F3417FE075A00CCE40C /* main.m in Sources */,
			);
			runOnlyForDeploymentPostprocessing = 0;
		};
		8FD18F4117FE075A00CCE40C /* Sources */ = {
			isa = PBXSourcesBuildPhase;
			buildActionMask = 2147483647;
			files = (
				8FD18F5317FE075A00CCE40C /* WikipediaTests.m in Sources */,
			);
			runOnlyForDeploymentPostprocessing = 0;
		};
/* End PBXSourcesBuildPhase section */

/* Begin PBXTargetDependency section */
		8FD18F4B17FE075A00CCE40C /* PBXTargetDependency */ = {
			isa = PBXTargetDependency;
			target = 8FD18F2317FE075A00CCE40C /* Wikipedia */;
			targetProxy = 8FD18F4A17FE075A00CCE40C /* PBXContainerItemProxy */;
		};
/* End PBXTargetDependency section */

/* Begin PBXVariantGroup section */
		8FD18F3017FE075A00CCE40C /* InfoPlist.strings */ = {
			isa = PBXVariantGroup;
			children = (
				8FD18F3117FE075A00CCE40C /* en */,
			);
			name = InfoPlist.strings;
			sourceTree = "<group>";
		};
		8FD18F3917FE075A00CCE40C /* Main.storyboard */ = {
			isa = PBXVariantGroup;
			children = (
				8FD18F3A17FE075A00CCE40C /* Base */,
			);
			name = Main.storyboard;
			sourceTree = "<group>";
		};
		8FD18F4F17FE075A00CCE40C /* InfoPlist.strings */ = {
			isa = PBXVariantGroup;
			children = (
				8FD18F5017FE075A00CCE40C /* en */,
			);
			name = InfoPlist.strings;
			sourceTree = "<group>";
		};
/* End PBXVariantGroup section */

/* Begin XCBuildConfiguration section */
		8FD18F5417FE075A00CCE40C /* Debug */ = {
			isa = XCBuildConfiguration;
			buildSettings = {
				ALWAYS_SEARCH_USER_PATHS = NO;
				ARCHS = "$(ARCHS_STANDARD_INCLUDING_64_BIT)";
				CLANG_CXX_LANGUAGE_STANDARD = "gnu++0x";
				CLANG_CXX_LIBRARY = "libc++";
				CLANG_ENABLE_MODULES = YES;
				CLANG_ENABLE_OBJC_ARC = YES;
				CLANG_WARN_BOOL_CONVERSION = YES;
				CLANG_WARN_CONSTANT_CONVERSION = YES;
				CLANG_WARN_DIRECT_OBJC_ISA_USAGE = YES_ERROR;
				CLANG_WARN_EMPTY_BODY = YES;
				CLANG_WARN_ENUM_CONVERSION = YES;
				CLANG_WARN_INT_CONVERSION = YES;
				CLANG_WARN_OBJC_ROOT_CLASS = YES_ERROR;
				CLANG_WARN__DUPLICATE_METHOD_MATCH = YES;
				"CODE_SIGN_IDENTITY[sdk=iphoneos*]" = "iPhone Developer";
				COPY_PHASE_STRIP = NO;
				GCC_C_LANGUAGE_STANDARD = gnu99;
				GCC_DYNAMIC_NO_PIC = NO;
				GCC_OPTIMIZATION_LEVEL = 0;
				GCC_PREPROCESSOR_DEFINITIONS = (
					"DEBUG=1",
					"$(inherited)",
				);
				GCC_SYMBOLS_PRIVATE_EXTERN = NO;
				GCC_WARN_64_TO_32_BIT_CONVERSION = YES;
				GCC_WARN_ABOUT_RETURN_TYPE = YES_ERROR;
				GCC_WARN_UNDECLARED_SELECTOR = YES;
				GCC_WARN_UNINITIALIZED_AUTOS = YES;
				GCC_WARN_UNUSED_FUNCTION = YES;
				GCC_WARN_UNUSED_VARIABLE = YES;
				IPHONEOS_DEPLOYMENT_TARGET = 7.0;
				ONLY_ACTIVE_ARCH = YES;
				SDKROOT = iphoneos;
			};
			name = Debug;
		};
		8FD18F5517FE075A00CCE40C /* Release */ = {
			isa = XCBuildConfiguration;
			buildSettings = {
				ALWAYS_SEARCH_USER_PATHS = NO;
				ARCHS = "$(ARCHS_STANDARD_INCLUDING_64_BIT)";
				CLANG_CXX_LANGUAGE_STANDARD = "gnu++0x";
				CLANG_CXX_LIBRARY = "libc++";
				CLANG_ENABLE_MODULES = YES;
				CLANG_ENABLE_OBJC_ARC = YES;
				CLANG_WARN_BOOL_CONVERSION = YES;
				CLANG_WARN_CONSTANT_CONVERSION = YES;
				CLANG_WARN_DIRECT_OBJC_ISA_USAGE = YES_ERROR;
				CLANG_WARN_EMPTY_BODY = YES;
				CLANG_WARN_ENUM_CONVERSION = YES;
				CLANG_WARN_INT_CONVERSION = YES;
				CLANG_WARN_OBJC_ROOT_CLASS = YES_ERROR;
				CLANG_WARN__DUPLICATE_METHOD_MATCH = YES;
				"CODE_SIGN_IDENTITY[sdk=iphoneos*]" = "iPhone Developer";
				COPY_PHASE_STRIP = YES;
				ENABLE_NS_ASSERTIONS = NO;
				GCC_C_LANGUAGE_STANDARD = gnu99;
				GCC_WARN_64_TO_32_BIT_CONVERSION = YES;
				GCC_WARN_ABOUT_RETURN_TYPE = YES_ERROR;
				GCC_WARN_UNDECLARED_SELECTOR = YES;
				GCC_WARN_UNINITIALIZED_AUTOS = YES;
				GCC_WARN_UNUSED_FUNCTION = YES;
				GCC_WARN_UNUSED_VARIABLE = YES;
				IPHONEOS_DEPLOYMENT_TARGET = 7.0;
				SDKROOT = iphoneos;
				VALIDATE_PRODUCT = YES;
			};
			name = Release;
		};
		8FD18F5717FE075A00CCE40C /* Debug */ = {
			isa = XCBuildConfiguration;
			buildSettings = {
				ASSETCATALOG_COMPILER_APPICON_NAME = AppIcon;
				ASSETCATALOG_COMPILER_LAUNCHIMAGE_NAME = LaunchImage;
				GCC_PRECOMPILE_PREFIX_HEADER = YES;
				GCC_PREFIX_HEADER = "Wikipedia/Wikipedia-Prefix.pch";
				INFOPLIST_FILE = "Wikipedia/Wikipedia-Info.plist";
				PRODUCT_NAME = "$(TARGET_NAME)";
				WRAPPER_EXTENSION = app;
			};
			name = Debug;
		};
		8FD18F5817FE075A00CCE40C /* Release */ = {
			isa = XCBuildConfiguration;
			buildSettings = {
				ASSETCATALOG_COMPILER_APPICON_NAME = AppIcon;
				ASSETCATALOG_COMPILER_LAUNCHIMAGE_NAME = LaunchImage;
				GCC_PRECOMPILE_PREFIX_HEADER = YES;
				GCC_PREFIX_HEADER = "Wikipedia/Wikipedia-Prefix.pch";
				INFOPLIST_FILE = "Wikipedia/Wikipedia-Info.plist";
				PRODUCT_NAME = "$(TARGET_NAME)";
				WRAPPER_EXTENSION = app;
			};
			name = Release;
		};
		8FD18F5A17FE075A00CCE40C /* Debug */ = {
			isa = XCBuildConfiguration;
			buildSettings = {
				ARCHS = "$(ARCHS_STANDARD_INCLUDING_64_BIT)";
				BUNDLE_LOADER = "$(BUILT_PRODUCTS_DIR)/Wikipedia.app/Wikipedia";
				FRAMEWORK_SEARCH_PATHS = (
					"$(SDKROOT)/Developer/Library/Frameworks",
					"$(inherited)",
					"$(DEVELOPER_FRAMEWORKS_DIR)",
				);
				GCC_PRECOMPILE_PREFIX_HEADER = YES;
				GCC_PREFIX_HEADER = "Wikipedia/Wikipedia-Prefix.pch";
				GCC_PREPROCESSOR_DEFINITIONS = (
					"DEBUG=1",
					"$(inherited)",
				);
				INFOPLIST_FILE = "WikipediaTests/WikipediaTests-Info.plist";
				PRODUCT_NAME = "$(TARGET_NAME)";
				TEST_HOST = "$(BUNDLE_LOADER)";
				WRAPPER_EXTENSION = xctest;
			};
			name = Debug;
		};
		8FD18F5B17FE075A00CCE40C /* Release */ = {
			isa = XCBuildConfiguration;
			buildSettings = {
				ARCHS = "$(ARCHS_STANDARD_INCLUDING_64_BIT)";
				BUNDLE_LOADER = "$(BUILT_PRODUCTS_DIR)/Wikipedia.app/Wikipedia";
				FRAMEWORK_SEARCH_PATHS = (
					"$(SDKROOT)/Developer/Library/Frameworks",
					"$(inherited)",
					"$(DEVELOPER_FRAMEWORKS_DIR)",
				);
				GCC_PRECOMPILE_PREFIX_HEADER = YES;
				GCC_PREFIX_HEADER = "Wikipedia/Wikipedia-Prefix.pch";
				INFOPLIST_FILE = "WikipediaTests/WikipediaTests-Info.plist";
				PRODUCT_NAME = "$(TARGET_NAME)";
				TEST_HOST = "$(BUNDLE_LOADER)";
				WRAPPER_EXTENSION = xctest;
			};
			name = Release;
		};
/* End XCBuildConfiguration section */

/* Begin XCConfigurationList section */
		8FD18F1F17FE075A00CCE40C /* Build configuration list for PBXProject "Wikipedia" */ = {
			isa = XCConfigurationList;
			buildConfigurations = (
				8FD18F5417FE075A00CCE40C /* Debug */,
				8FD18F5517FE075A00CCE40C /* Release */,
			);
			defaultConfigurationIsVisible = 0;
			defaultConfigurationName = Release;
		};
		8FD18F5617FE075A00CCE40C /* Build configuration list for PBXNativeTarget "Wikipedia" */ = {
			isa = XCConfigurationList;
			buildConfigurations = (
				8FD18F5717FE075A00CCE40C /* Debug */,
				8FD18F5817FE075A00CCE40C /* Release */,
			);
			defaultConfigurationIsVisible = 0;
			defaultConfigurationName = Release;
		};
		8FD18F5917FE075A00CCE40C /* Build configuration list for PBXNativeTarget "WikipediaTests" */ = {
			isa = XCConfigurationList;
			buildConfigurations = (
				8FD18F5A17FE075A00CCE40C /* Debug */,
				8FD18F5B17FE075A00CCE40C /* Release */,
			);
			defaultConfigurationIsVisible = 0;
			defaultConfigurationName = Release;
		};
/* End XCConfigurationList section */
	};
	rootObject = 8FD18F1C17FE075A00CCE40C /* Project object */;
}
