// !$*UTF8*$!
{
	archiveVersion = 1;
	classes = {
	};
	objectVersion = 46;
	objects = {

/* Begin PBXBuildFile section */
		C92CAD371805D8C500AA8FA7 /* Foundation.framework in Frameworks */ = {isa = PBXBuildFile; fileRef = C92CAD361805D8C500AA8FA7 /* Foundation.framework */; };
		C92CAD391805D8C500AA8FA7 /* CoreGraphics.framework in Frameworks */ = {isa = PBXBuildFile; fileRef = C92CAD381805D8C500AA8FA7 /* CoreGraphics.framework */; };
		C92CAD3B1805D8C500AA8FA7 /* UIKit.framework in Frameworks */ = {isa = PBXBuildFile; fileRef = C92CAD3A1805D8C500AA8FA7 /* UIKit.framework */; };
		C92CAD411805D8C500AA8FA7 /* InfoPlist.strings in Resources */ = {isa = PBXBuildFile; fileRef = C92CAD3F1805D8C500AA8FA7 /* InfoPlist.strings */; };
		C92CAD431805D8C500AA8FA7 /* main.m in Sources */ = {isa = PBXBuildFile; fileRef = C92CAD421805D8C500AA8FA7 /* main.m */; };
		C92CAD471805D8C500AA8FA7 /* MLAppDelegate.m in Sources */ = {isa = PBXBuildFile; fileRef = C92CAD461805D8C500AA8FA7 /* MLAppDelegate.m */; };
		C92CAD4A1805D8C500AA8FA7 /* Main.storyboard in Resources */ = {isa = PBXBuildFile; fileRef = C92CAD481805D8C500AA8FA7 /* Main.storyboard */; };
		C92CAD4D1805D8C500AA8FA7 /* MLViewController.m in Sources */ = {isa = PBXBuildFile; fileRef = C92CAD4C1805D8C500AA8FA7 /* MLViewController.m */; };
		C92CAD4F1805D8C500AA8FA7 /* Images.xcassets in Resources */ = {isa = PBXBuildFile; fileRef = C92CAD4E1805D8C500AA8FA7 /* Images.xcassets */; };
		C92CAD561805D8C500AA8FA7 /* XCTest.framework in Frameworks */ = {isa = PBXBuildFile; fileRef = C92CAD551805D8C500AA8FA7 /* XCTest.framework */; };
		C92CAD571805D8C500AA8FA7 /* Foundation.framework in Frameworks */ = {isa = PBXBuildFile; fileRef = C92CAD361805D8C500AA8FA7 /* Foundation.framework */; };
		C92CAD581805D8C500AA8FA7 /* UIKit.framework in Frameworks */ = {isa = PBXBuildFile; fileRef = C92CAD3A1805D8C500AA8FA7 /* UIKit.framework */; };
		C92CAD601805D8C500AA8FA7 /* InfoPlist.strings in Resources */ = {isa = PBXBuildFile; fileRef = C92CAD5E1805D8C500AA8FA7 /* InfoPlist.strings */; };
		C92CAD621805D8C500AA8FA7 /* Color_NotificationsTests.m in Sources */ = {isa = PBXBuildFile; fileRef = C92CAD611805D8C500AA8FA7 /* Color_NotificationsTests.m */; };
		C92CAD6D1805DA7D00AA8FA7 /* MLUIColorView.m in Sources */ = {isa = PBXBuildFile; fileRef = C92CAD6C1805DA7D00AA8FA7 /* MLUIColorView.m */; };
		C92CAD731805EC5E00AA8FA7 /* UIColor+ColorFromText.m in Sources */ = {isa = PBXBuildFile; fileRef = C92CAD721805EC5E00AA8FA7 /* UIColor+ColorFromText.m */; };
/* End PBXBuildFile section */

/* Begin PBXContainerItemProxy section */
		C92CAD591805D8C500AA8FA7 /* PBXContainerItemProxy */ = {
			isa = PBXContainerItemProxy;
			containerPortal = C92CAD2B1805D8C400AA8FA7 /* Project object */;
			proxyType = 1;
			remoteGlobalIDString = C92CAD321805D8C500AA8FA7;
			remoteInfo = "Color Notifications";
		};
/* End PBXContainerItemProxy section */

/* Begin PBXFileReference section */
		C92CAD331805D8C500AA8FA7 /* Color Notifications.app */ = {isa = PBXFileReference; explicitFileType = wrapper.application; includeInIndex = 0; path = "Color Notifications.app"; sourceTree = BUILT_PRODUCTS_DIR; };
		C92CAD361805D8C500AA8FA7 /* Foundation.framework */ = {isa = PBXFileReference; lastKnownFileType = wrapper.framework; name = Foundation.framework; path = System/Library/Frameworks/Foundation.framework; sourceTree = SDKROOT; };
		C92CAD381805D8C500AA8FA7 /* CoreGraphics.framework */ = {isa = PBXFileReference; lastKnownFileType = wrapper.framework; name = CoreGraphics.framework; path = System/Library/Frameworks/CoreGraphics.framework; sourceTree = SDKROOT; };
		C92CAD3A1805D8C500AA8FA7 /* UIKit.framework */ = {isa = PBXFileReference; lastKnownFileType = wrapper.framework; name = UIKit.framework; path = System/Library/Frameworks/UIKit.framework; sourceTree = SDKROOT; };
		C92CAD3E1805D8C500AA8FA7 /* Color Notifications-Info.plist */ = {isa = PBXFileReference; lastKnownFileType = text.plist.xml; path = "Color Notifications-Info.plist"; sourceTree = "<group>"; };
		C92CAD401805D8C500AA8FA7 /* en */ = {isa = PBXFileReference; lastKnownFileType = text.plist.strings; name = en; path = en.lproj/InfoPlist.strings; sourceTree = "<group>"; };
		C92CAD421805D8C500AA8FA7 /* main.m */ = {isa = PBXFileReference; lastKnownFileType = sourcecode.c.objc; path = main.m; sourceTree = "<group>"; };
		C92CAD441805D8C500AA8FA7 /* Color Notifications-Prefix.pch */ = {isa = PBXFileReference; lastKnownFileType = sourcecode.c.h; path = "Color Notifications-Prefix.pch"; sourceTree = "<group>"; };
		C92CAD451805D8C500AA8FA7 /* MLAppDelegate.h */ = {isa = PBXFileReference; lastKnownFileType = sourcecode.c.h; path = MLAppDelegate.h; sourceTree = "<group>"; };
		C92CAD461805D8C500AA8FA7 /* MLAppDelegate.m */ = {isa = PBXFileReference; lastKnownFileType = sourcecode.c.objc; path = MLAppDelegate.m; sourceTree = "<group>"; };
		C92CAD491805D8C500AA8FA7 /* Base */ = {isa = PBXFileReference; lastKnownFileType = file.storyboard; name = Base; path = Base.lproj/Main.storyboard; sourceTree = "<group>"; };
		C92CAD4B1805D8C500AA8FA7 /* MLViewController.h */ = {isa = PBXFileReference; lastKnownFileType = sourcecode.c.h; path = MLViewController.h; sourceTree = "<group>"; };
		C92CAD4C1805D8C500AA8FA7 /* MLViewController.m */ = {isa = PBXFileReference; lastKnownFileType = sourcecode.c.objc; path = MLViewController.m; sourceTree = "<group>"; };
		C92CAD4E1805D8C500AA8FA7 /* Images.xcassets */ = {isa = PBXFileReference; lastKnownFileType = folder.assetcatalog; path = Images.xcassets; sourceTree = "<group>"; };
		C92CAD541805D8C500AA8FA7 /* Color NotificationsTests.xctest */ = {isa = PBXFileReference; explicitFileType = wrapper.cfbundle; includeInIndex = 0; path = "Color NotificationsTests.xctest"; sourceTree = BUILT_PRODUCTS_DIR; };
		C92CAD551805D8C500AA8FA7 /* XCTest.framework */ = {isa = PBXFileReference; lastKnownFileType = wrapper.framework; name = XCTest.framework; path = Library/Frameworks/XCTest.framework; sourceTree = DEVELOPER_DIR; };
		C92CAD5D1805D8C500AA8FA7 /* Color NotificationsTests-Info.plist */ = {isa = PBXFileReference; lastKnownFileType = text.plist.xml; path = "Color NotificationsTests-Info.plist"; sourceTree = "<group>"; };
		C92CAD5F1805D8C500AA8FA7 /* en */ = {isa = PBXFileReference; lastKnownFileType = text.plist.strings; name = en; path = en.lproj/InfoPlist.strings; sourceTree = "<group>"; };
		C92CAD611805D8C500AA8FA7 /* Color_NotificationsTests.m */ = {isa = PBXFileReference; lastKnownFileType = sourcecode.c.objc; path = Color_NotificationsTests.m; sourceTree = "<group>"; };
		C92CAD6B1805DA7D00AA8FA7 /* MLUIColorView.h */ = {isa = PBXFileReference; fileEncoding = 4; lastKnownFileType = sourcecode.c.h; path = MLUIColorView.h; sourceTree = "<group>"; };
		C92CAD6C1805DA7D00AA8FA7 /* MLUIColorView.m */ = {isa = PBXFileReference; fileEncoding = 4; lastKnownFileType = sourcecode.c.objc; path = MLUIColorView.m; sourceTree = "<group>"; };
		C92CAD711805EC5E00AA8FA7 /* UIColor+ColorFromText.h */ = {isa = PBXFileReference; fileEncoding = 4; lastKnownFileType = sourcecode.c.h; name = "UIColor+ColorFromText.h"; path = "../UIColor+ColorFromText.h"; sourceTree = "<group>"; };
		C92CAD721805EC5E00AA8FA7 /* UIColor+ColorFromText.m */ = {isa = PBXFileReference; fileEncoding = 4; lastKnownFileType = sourcecode.c.objc; name = "UIColor+ColorFromText.m"; path = "../UIColor+ColorFromText.m"; sourceTree = "<group>"; };
/* End PBXFileReference section */

/* Begin PBXFrameworksBuildPhase section */
		C92CAD301805D8C500AA8FA7 /* Frameworks */ = {
			isa = PBXFrameworksBuildPhase;
			buildActionMask = 2147483647;
			files = (
				C92CAD391805D8C500AA8FA7 /* CoreGraphics.framework in Frameworks */,
				C92CAD3B1805D8C500AA8FA7 /* UIKit.framework in Frameworks */,
				C92CAD371805D8C500AA8FA7 /* Foundation.framework in Frameworks */,
			);
			runOnlyForDeploymentPostprocessing = 0;
		};
		C92CAD511805D8C500AA8FA7 /* Frameworks */ = {
			isa = PBXFrameworksBuildPhase;
			buildActionMask = 2147483647;
			files = (
				C92CAD561805D8C500AA8FA7 /* XCTest.framework in Frameworks */,
				C92CAD581805D8C500AA8FA7 /* UIKit.framework in Frameworks */,
				C92CAD571805D8C500AA8FA7 /* Foundation.framework in Frameworks */,
			);
			runOnlyForDeploymentPostprocessing = 0;
		};
/* End PBXFrameworksBuildPhase section */

/* Begin PBXGroup section */
		C92CAD2A1805D8C400AA8FA7 = {
			isa = PBXGroup;
			children = (
				C92CAD3C1805D8C500AA8FA7 /* Color Notifications */,
				C92CAD5B1805D8C500AA8FA7 /* Color NotificationsTests */,
				C92CAD351805D8C500AA8FA7 /* Frameworks */,
				C92CAD341805D8C500AA8FA7 /* Products */,
			);
			sourceTree = "<group>";
		};
		C92CAD341805D8C500AA8FA7 /* Products */ = {
			isa = PBXGroup;
			children = (
				C92CAD331805D8C500AA8FA7 /* Color Notifications.app */,
				C92CAD541805D8C500AA8FA7 /* Color NotificationsTests.xctest */,
			);
			name = Products;
			sourceTree = "<group>";
		};
		C92CAD351805D8C500AA8FA7 /* Frameworks */ = {
			isa = PBXGroup;
			children = (
				C92CAD361805D8C500AA8FA7 /* Foundation.framework */,
				C92CAD381805D8C500AA8FA7 /* CoreGraphics.framework */,
				C92CAD3A1805D8C500AA8FA7 /* UIKit.framework */,
				C92CAD551805D8C500AA8FA7 /* XCTest.framework */,
			);
			name = Frameworks;
			sourceTree = "<group>";
		};
		C92CAD3C1805D8C500AA8FA7 /* Color Notifications */ = {
			isa = PBXGroup;
			children = (
				C92CAD451805D8C500AA8FA7 /* MLAppDelegate.h */,
				C92CAD711805EC5E00AA8FA7 /* UIColor+ColorFromText.h */,
				C92CAD721805EC5E00AA8FA7 /* UIColor+ColorFromText.m */,
				C92CAD461805D8C500AA8FA7 /* MLAppDelegate.m */,
				C92CAD481805D8C500AA8FA7 /* Main.storyboard */,
				C92CAD4B1805D8C500AA8FA7 /* MLViewController.h */,
				C92CAD4C1805D8C500AA8FA7 /* MLViewController.m */,
				C92CAD4E1805D8C500AA8FA7 /* Images.xcassets */,
				C92CAD3D1805D8C500AA8FA7 /* Supporting Files */,
				C92CAD6B1805DA7D00AA8FA7 /* MLUIColorView.h */,
				C92CAD6C1805DA7D00AA8FA7 /* MLUIColorView.m */,
			);
			path = "Color Notifications";
			sourceTree = "<group>";
		};
		C92CAD3D1805D8C500AA8FA7 /* Supporting Files */ = {
			isa = PBXGroup;
			children = (
				C92CAD3E1805D8C500AA8FA7 /* Color Notifications-Info.plist */,
				C92CAD3F1805D8C500AA8FA7 /* InfoPlist.strings */,
				C92CAD421805D8C500AA8FA7 /* main.m */,
				C92CAD441805D8C500AA8FA7 /* Color Notifications-Prefix.pch */,
			);
			name = "Supporting Files";
			sourceTree = "<group>";
		};
		C92CAD5B1805D8C500AA8FA7 /* Color NotificationsTests */ = {
			isa = PBXGroup;
			children = (
				C92CAD611805D8C500AA8FA7 /* Color_NotificationsTests.m */,
				C92CAD5C1805D8C500AA8FA7 /* Supporting Files */,
			);
			path = "Color NotificationsTests";
			sourceTree = "<group>";
		};
		C92CAD5C1805D8C500AA8FA7 /* Supporting Files */ = {
			isa = PBXGroup;
			children = (
				C92CAD5D1805D8C500AA8FA7 /* Color NotificationsTests-Info.plist */,
				C92CAD5E1805D8C500AA8FA7 /* InfoPlist.strings */,
			);
			name = "Supporting Files";
			sourceTree = "<group>";
		};
/* End PBXGroup section */

/* Begin PBXNativeTarget section */
		C92CAD321805D8C500AA8FA7 /* Color Notifications */ = {
			isa = PBXNativeTarget;
			buildConfigurationList = C92CAD651805D8C500AA8FA7 /* Build configuration list for PBXNativeTarget "Color Notifications" */;
			buildPhases = (
				C92CAD2F1805D8C500AA8FA7 /* Sources */,
				C92CAD301805D8C500AA8FA7 /* Frameworks */,
				C92CAD311805D8C500AA8FA7 /* Resources */,
			);
			buildRules = (
			);
			dependencies = (
			);
			name = "Color Notifications";
			productName = "Color Notifications";
			productReference = C92CAD331805D8C500AA8FA7 /* Color Notifications.app */;
			productType = "com.apple.product-type.application";
		};
		C92CAD531805D8C500AA8FA7 /* Color NotificationsTests */ = {
			isa = PBXNativeTarget;
			buildConfigurationList = C92CAD681805D8C500AA8FA7 /* Build configuration list for PBXNativeTarget "Color NotificationsTests" */;
			buildPhases = (
				C92CAD501805D8C500AA8FA7 /* Sources */,
				C92CAD511805D8C500AA8FA7 /* Frameworks */,
				C92CAD521805D8C500AA8FA7 /* Resources */,
			);
			buildRules = (
			);
			dependencies = (
				C92CAD5A1805D8C500AA8FA7 /* PBXTargetDependency */,
			);
			name = "Color NotificationsTests";
			productName = "Color NotificationsTests";
			productReference = C92CAD541805D8C500AA8FA7 /* Color NotificationsTests.xctest */;
			productType = "com.apple.product-type.bundle.unit-test";
		};
/* End PBXNativeTarget section */

/* Begin PBXProject section */
		C92CAD2B1805D8C400AA8FA7 /* Project object */ = {
			isa = PBXProject;
			attributes = {
				CLASSPREFIX = ML;
				LastUpgradeCheck = 0500;
				ORGANIZATIONNAME = "Matthew Loseke";
				TargetAttributes = {
					C92CAD531805D8C500AA8FA7 = {
						TestTargetID = C92CAD321805D8C500AA8FA7;
					};
				};
			};
			buildConfigurationList = C92CAD2E1805D8C400AA8FA7 /* Build configuration list for PBXProject "Color Notifications" */;
			compatibilityVersion = "Xcode 3.2";
			developmentRegion = English;
			hasScannedForEncodings = 0;
			knownRegions = (
				en,
				Base,
			);
			mainGroup = C92CAD2A1805D8C400AA8FA7;
			productRefGroup = C92CAD341805D8C500AA8FA7 /* Products */;
			projectDirPath = "";
			projectRoot = "";
			targets = (
				C92CAD321805D8C500AA8FA7 /* Color Notifications */,
				C92CAD531805D8C500AA8FA7 /* Color NotificationsTests */,
			);
		};
/* End PBXProject section */

/* Begin PBXResourcesBuildPhase section */
		C92CAD311805D8C500AA8FA7 /* Resources */ = {
			isa = PBXResourcesBuildPhase;
			buildActionMask = 2147483647;
			files = (
				C92CAD4F1805D8C500AA8FA7 /* Images.xcassets in Resources */,
				C92CAD411805D8C500AA8FA7 /* InfoPlist.strings in Resources */,
				C92CAD4A1805D8C500AA8FA7 /* Main.storyboard in Resources */,
			);
			runOnlyForDeploymentPostprocessing = 0;
		};
		C92CAD521805D8C500AA8FA7 /* Resources */ = {
			isa = PBXResourcesBuildPhase;
			buildActionMask = 2147483647;
			files = (
				C92CAD601805D8C500AA8FA7 /* InfoPlist.strings in Resources */,
			);
			runOnlyForDeploymentPostprocessing = 0;
		};
/* End PBXResourcesBuildPhase section */

/* Begin PBXSourcesBuildPhase section */
		C92CAD2F1805D8C500AA8FA7 /* Sources */ = {
			isa = PBXSourcesBuildPhase;
			buildActionMask = 2147483647;
			files = (
				C92CAD731805EC5E00AA8FA7 /* UIColor+ColorFromText.m in Sources */,
				C92CAD431805D8C500AA8FA7 /* main.m in Sources */,
				C92CAD4D1805D8C500AA8FA7 /* MLViewController.m in Sources */,
				C92CAD471805D8C500AA8FA7 /* MLAppDelegate.m in Sources */,
				C92CAD6D1805DA7D00AA8FA7 /* MLUIColorView.m in Sources */,
			);
			runOnlyForDeploymentPostprocessing = 0;
		};
		C92CAD501805D8C500AA8FA7 /* Sources */ = {
			isa = PBXSourcesBuildPhase;
			buildActionMask = 2147483647;
			files = (
				C92CAD621805D8C500AA8FA7 /* Color_NotificationsTests.m in Sources */,
			);
			runOnlyForDeploymentPostprocessing = 0;
		};
/* End PBXSourcesBuildPhase section */

/* Begin PBXTargetDependency section */
		C92CAD5A1805D8C500AA8FA7 /* PBXTargetDependency */ = {
			isa = PBXTargetDependency;
			target = C92CAD321805D8C500AA8FA7 /* Color Notifications */;
			targetProxy = C92CAD591805D8C500AA8FA7 /* PBXContainerItemProxy */;
		};
/* End PBXTargetDependency section */

/* Begin PBXVariantGroup section */
		C92CAD3F1805D8C500AA8FA7 /* InfoPlist.strings */ = {
			isa = PBXVariantGroup;
			children = (
				C92CAD401805D8C500AA8FA7 /* en */,
			);
			name = InfoPlist.strings;
			sourceTree = "<group>";
		};
		C92CAD481805D8C500AA8FA7 /* Main.storyboard */ = {
			isa = PBXVariantGroup;
			children = (
				C92CAD491805D8C500AA8FA7 /* Base */,
			);
			name = Main.storyboard;
			sourceTree = "<group>";
		};
		C92CAD5E1805D8C500AA8FA7 /* InfoPlist.strings */ = {
			isa = PBXVariantGroup;
			children = (
				C92CAD5F1805D8C500AA8FA7 /* en */,
			);
			name = InfoPlist.strings;
			sourceTree = "<group>";
		};
/* End PBXVariantGroup section */

/* Begin XCBuildConfiguration section */
		C92CAD631805D8C500AA8FA7 /* Debug */ = {
			isa = XCBuildConfiguration;
			buildSettings = {
				ALWAYS_SEARCH_USER_PATHS = NO;
				ARCHS = "$(ARCHS_STANDARD_INCLUDING_64_BIT)";
				CLANG_CXX_LANGUAGE_STANDARD = "gnu++0x";
				CLANG_CXX_LIBRARY = "libc++";
				CLANG_ENABLE_MODULES = YES;
				CLANG_ENABLE_OBJC_ARC = YES;
				CLANG_WARN_BOOL_CONVERSION = YES;
				CLANG_WARN_CONSTANT_CONVERSION = YES;
				CLANG_WARN_DIRECT_OBJC_ISA_USAGE = YES_ERROR;
				CLANG_WARN_EMPTY_BODY = YES;
				CLANG_WARN_ENUM_CONVERSION = YES;
				CLANG_WARN_INT_CONVERSION = YES;
				CLANG_WARN_OBJC_ROOT_CLASS = YES_ERROR;
				CLANG_WARN__DUPLICATE_METHOD_MATCH = YES;
				"CODE_SIGN_IDENTITY[sdk=iphoneos*]" = "iPhone Developer";
				COPY_PHASE_STRIP = NO;
				GCC_C_LANGUAGE_STANDARD = gnu99;
				GCC_DYNAMIC_NO_PIC = NO;
				GCC_OPTIMIZATION_LEVEL = 0;
				GCC_PREPROCESSOR_DEFINITIONS = (
					"DEBUG=1",
					"$(inherited)",
				);
				GCC_SYMBOLS_PRIVATE_EXTERN = NO;
				GCC_WARN_64_TO_32_BIT_CONVERSION = YES;
				GCC_WARN_ABOUT_RETURN_TYPE = YES_ERROR;
				GCC_WARN_UNDECLARED_SELECTOR = YES;
				GCC_WARN_UNINITIALIZED_AUTOS = YES;
				GCC_WARN_UNUSED_FUNCTION = YES;
				GCC_WARN_UNUSED_VARIABLE = YES;
				IPHONEOS_DEPLOYMENT_TARGET = 7.0;
				ONLY_ACTIVE_ARCH = YES;
				SDKROOT = iphoneos;
			};
			name = Debug;
		};
		C92CAD641805D8C500AA8FA7 /* Release */ = {
			isa = XCBuildConfiguration;
			buildSettings = {
				ALWAYS_SEARCH_USER_PATHS = NO;
				ARCHS = "$(ARCHS_STANDARD_INCLUDING_64_BIT)";
				CLANG_CXX_LANGUAGE_STANDARD = "gnu++0x";
				CLANG_CXX_LIBRARY = "libc++";
				CLANG_ENABLE_MODULES = YES;
				CLANG_ENABLE_OBJC_ARC = YES;
				CLANG_WARN_BOOL_CONVERSION = YES;
				CLANG_WARN_CONSTANT_CONVERSION = YES;
				CLANG_WARN_DIRECT_OBJC_ISA_USAGE = YES_ERROR;
				CLANG_WARN_EMPTY_BODY = YES;
				CLANG_WARN_ENUM_CONVERSION = YES;
				CLANG_WARN_INT_CONVERSION = YES;
				CLANG_WARN_OBJC_ROOT_CLASS = YES_ERROR;
				CLANG_WARN__DUPLICATE_METHOD_MATCH = YES;
				"CODE_SIGN_IDENTITY[sdk=iphoneos*]" = "iPhone Developer";
				COPY_PHASE_STRIP = YES;
				ENABLE_NS_ASSERTIONS = NO;
				GCC_C_LANGUAGE_STANDARD = gnu99;
				GCC_WARN_64_TO_32_BIT_CONVERSION = YES;
				GCC_WARN_ABOUT_RETURN_TYPE = YES_ERROR;
				GCC_WARN_UNDECLARED_SELECTOR = YES;
				GCC_WARN_UNINITIALIZED_AUTOS = YES;
				GCC_WARN_UNUSED_FUNCTION = YES;
				GCC_WARN_UNUSED_VARIABLE = YES;
				IPHONEOS_DEPLOYMENT_TARGET = 7.0;
				SDKROOT = iphoneos;
				VALIDATE_PRODUCT = YES;
			};
			name = Release;
		};
		C92CAD661805D8C500AA8FA7 /* Debug */ = {
			isa = XCBuildConfiguration;
			buildSettings = {
				ASSETCATALOG_COMPILER_APPICON_NAME = AppIcon;
				ASSETCATALOG_COMPILER_LAUNCHIMAGE_NAME = LaunchImage;
				GCC_PRECOMPILE_PREFIX_HEADER = YES;
				GCC_PREFIX_HEADER = "Color Notifications/Color Notifications-Prefix.pch";
				INFOPLIST_FILE = "Color Notifications/Color Notifications-Info.plist";
				PRODUCT_NAME = "$(TARGET_NAME)";
				WRAPPER_EXTENSION = app;
			};
			name = Debug;
		};
		C92CAD671805D8C500AA8FA7 /* Release */ = {
			isa = XCBuildConfiguration;
			buildSettings = {
				ASSETCATALOG_COMPILER_APPICON_NAME = AppIcon;
				ASSETCATALOG_COMPILER_LAUNCHIMAGE_NAME = LaunchImage;
				GCC_PRECOMPILE_PREFIX_HEADER = YES;
				GCC_PREFIX_HEADER = "Color Notifications/Color Notifications-Prefix.pch";
				INFOPLIST_FILE = "Color Notifications/Color Notifications-Info.plist";
				PRODUCT_NAME = "$(TARGET_NAME)";
				WRAPPER_EXTENSION = app;
			};
			name = Release;
		};
		C92CAD691805D8C500AA8FA7 /* Debug */ = {
			isa = XCBuildConfiguration;
			buildSettings = {
				ARCHS = "$(ARCHS_STANDARD_INCLUDING_64_BIT)";
				BUNDLE_LOADER = "$(BUILT_PRODUCTS_DIR)/Color Notifications.app/Color Notifications";
				FRAMEWORK_SEARCH_PATHS = (
					"$(SDKROOT)/Developer/Library/Frameworks",
					"$(inherited)",
					"$(DEVELOPER_FRAMEWORKS_DIR)",
				);
				GCC_PRECOMPILE_PREFIX_HEADER = YES;
				GCC_PREFIX_HEADER = "Color Notifications/Color Notifications-Prefix.pch";
				GCC_PREPROCESSOR_DEFINITIONS = (
					"DEBUG=1",
					"$(inherited)",
				);
				INFOPLIST_FILE = "Color NotificationsTests/Color NotificationsTests-Info.plist";
				PRODUCT_NAME = "$(TARGET_NAME)";
				TEST_HOST = "$(BUNDLE_LOADER)";
				WRAPPER_EXTENSION = xctest;
			};
			name = Debug;
		};
		C92CAD6A1805D8C500AA8FA7 /* Release */ = {
			isa = XCBuildConfiguration;
			buildSettings = {
				ARCHS = "$(ARCHS_STANDARD_INCLUDING_64_BIT)";
				BUNDLE_LOADER = "$(BUILT_PRODUCTS_DIR)/Color Notifications.app/Color Notifications";
				FRAMEWORK_SEARCH_PATHS = (
					"$(SDKROOT)/Developer/Library/Frameworks",
					"$(inherited)",
					"$(DEVELOPER_FRAMEWORKS_DIR)",
				);
				GCC_PRECOMPILE_PREFIX_HEADER = YES;
				GCC_PREFIX_HEADER = "Color Notifications/Color Notifications-Prefix.pch";
				INFOPLIST_FILE = "Color NotificationsTests/Color NotificationsTests-Info.plist";
				PRODUCT_NAME = "$(TARGET_NAME)";
				TEST_HOST = "$(BUNDLE_LOADER)";
				WRAPPER_EXTENSION = xctest;
			};
			name = Release;
		};
/* End XCBuildConfiguration section */

/* Begin XCConfigurationList section */
		C92CAD2E1805D8C400AA8FA7 /* Build configuration list for PBXProject "Color Notifications" */ = {
			isa = XCConfigurationList;
			buildConfigurations = (
				C92CAD631805D8C500AA8FA7 /* Debug */,
				C92CAD641805D8C500AA8FA7 /* Release */,
			);
			defaultConfigurationIsVisible = 0;
			defaultConfigurationName = Release;
		};
		C92CAD651805D8C500AA8FA7 /* Build configuration list for PBXNativeTarget "Color Notifications" */ = {
			isa = XCConfigurationList;
			buildConfigurations = (
				C92CAD661805D8C500AA8FA7 /* Debug */,
				C92CAD671805D8C500AA8FA7 /* Release */,
			);
			defaultConfigurationIsVisible = 0;
		};
		C92CAD681805D8C500AA8FA7 /* Build configuration list for PBXNativeTarget "Color NotificationsTests" */ = {
			isa = XCConfigurationList;
			buildConfigurations = (
				C92CAD691805D8C500AA8FA7 /* Debug */,
				C92CAD6A1805D8C500AA8FA7 /* Release */,
			);
			defaultConfigurationIsVisible = 0;
		};
/* End XCConfigurationList section */
	};
	rootObject = C92CAD2B1805D8C400AA8FA7 /* Project object */;
}
